
Microsoft Visual Studio Solution File, Format Version 12.00
# Visual Studio Version 17
VisualStudioVersion = 17.13.35931.197 d17.13
MinimumVisualStudioVersion = 10.0.40219.1
Project("{FAE04EC0-301F-11D3-BF4B-00C04F79EFBC}") = "AutoPatrol", "AutoPatrol.csproj", "{F5480ED3-11FD-451F-A27E-FA8129136AE1}"
EndProject
Global
	GlobalSection(SolutionConfigurationPlatforms) = preSolution
		Debug|Any CPU = Debug|Any CPU
		Release|Any CPU = Release|Any CPU
	EndGlobalSection
	GlobalSection(ProjectConfigurationPlatforms) = postSolution
		{F5480ED3-11FD-451F-A27E-FA8129136AE1}.Debug|Any CPU.ActiveCfg = Debug|Any CPU
		{F5480ED3-11FD-451F-A27E-FA8129136AE1}.Debug|Any CPU.Build.0 = Debug|Any CPU
		{F5480ED3-11FD-451F-A27E-FA8129136AE1}.Release|Any CPU.ActiveCfg = Release|Any CPU
		{F5480ED3-11FD-451F-A27E-FA8129136AE1}.Release|Any CPU.Build.0 = Release|Any CPU
	EndGlobalSection
	GlobalSection(SolutionProperties) = preSolution
		HideSolutionNode = FALSE
	EndGlobalSection
	GlobalSection(ExtensibilityGlobals) = postSolution
		SolutionGuid = {BA9AB528-6A15-4361-B70F-1FAF0B105C27}
	EndGlobalSection
EndGlobal
